
Microsoft Visual Studio Solution File, Format Version 12.00
# Visual Studio Version 16
VisualStudioVersion = 16.0.29102.190
MinimumVisualStudioVersion = 10.0.40219.1
Project("{9A19103F-16F7-4668-BE54-9A1E7A4F7556}") = "DFC.App.CareerPath", "DFC.App.CareerPath\DFC.App.CareerPath.csproj", "{49341995-51ED-48E1-8335-8515247D6EF1}"
EndProject
Project("{2150E333-8FDC-42A3-9474-1A3956D46DE8}") = "_Solution Items", "_Solution Items", "{88107DDA-6412-4E47-9239-E54C54841ECE}"
	ProjectSection(SolutionItems) = preProject
		.gitignore = .gitignore
		DFC.Digital.CodeAnalysis.ruleset = DFC.Digital.CodeAnalysis.ruleset
		LICENSE = LICENSE
		README.md = README.md
		stylecop.json = stylecop.json
		UnitTests.CodeAnalysis.ruleset = UnitTests.CodeAnalysis.ruleset
	EndProjectSection
EndProject
Project("{2150E333-8FDC-42A3-9474-1A3956D46DE8}") = "Data", "Data", "{9C0C79D9-672E-46F9-9C7C-59F88E9A63A3}"
EndProject
Project("{2150E333-8FDC-42A3-9474-1A3956D46DE8}") = "Repositories", "Repositories", "{FDAE3E0F-7BD5-4933-A441-C02B3F8AA117}"
EndProject
Project("{2150E333-8FDC-42A3-9474-1A3956D46DE8}") = "Services", "Services", "{B7ADEE25-AD70-499B-8134-443462A914F3}"
EndProject
Project("{2150E333-8FDC-42A3-9474-1A3956D46DE8}") = "Tests", "Tests", "{B6859F0D-42B3-440B-BDF2-A18DEF8A67BB}"
EndProject
Project("{2150E333-8FDC-42A3-9474-1A3956D46DE8}") = "IntegrationTests", "IntegrationTests", "{24AA3709-D5FF-4902-8FE2-A885FBAB1E9E}"
EndProject
Project("{2150E333-8FDC-42A3-9474-1A3956D46DE8}") = "UnitTests", "UnitTests", "{E3D30C85-E0B8-40C6-94A9-78746367713E}"
EndProject
Project("{2150E333-8FDC-42A3-9474-1A3956D46DE8}") = "Web", "Web", "{D8CC9252-3E73-4416-B587-2952B0AB0A2A}"
EndProject
Project("{2150E333-8FDC-42A3-9474-1A3956D46DE8}") = "Services", "Services", "{C579A314-4026-412B-819F-3DC5F277016C}"
EndProject
Project("{2150E333-8FDC-42A3-9474-1A3956D46DE8}") = "Web", "Web", "{CE3F6AEA-D471-453B-8E72-2045F92CC004}"
EndProject
Project("{9A19103F-16F7-4668-BE54-9A1E7A4F7556}") = "DFC.App.CareerPath.SegmentService", "DFC.App.CareerPath.SegmentService\DFC.App.CareerPath.SegmentService.csproj", "{9E0C5383-A098-47BC-8826-FCFC0B4F788E}"
EndProject
Project("{9A19103F-16F7-4668-BE54-9A1E7A4F7556}") = "DFC.App.CareerPath.Repository.CosmosDb", "DFC.App.CareerPath.Repository.CosmosDb\DFC.App.CareerPath.Repository.CosmosDb.csproj", "{332B1D03-9067-43F1-B3D0-6779C5B0EBF7}"
EndProject
Project("{9A19103F-16F7-4668-BE54-9A1E7A4F7556}") = "DFC.App.CareerPath.Data", "DFC.App.CareerPath.Data\DFC.App.CareerPath.Data.csproj", "{E7E60475-9323-4112-B0B0-3698F3153EF9}"
EndProject
Project("{9A19103F-16F7-4668-BE54-9A1E7A4F7556}") = "DFC.App.CareerPath.IntegrationTests", "DFC.App.CareerPath.IntegrationTests\DFC.App.CareerPath.IntegrationTests.csproj", "{33B139E1-D469-413B-B29A-2E8DAC7B2D6B}"
EndProject
Project("{9A19103F-16F7-4668-BE54-9A1E7A4F7556}") = "DFC.App.CareerPath.SegmentService.UnitTests", "DFC.App.CareerPath.SegmentService.UnitTests\DFC.App.CareerPath.SegmentService.UnitTests.csproj", "{75DCDB6E-8009-4628-980A-F27159CBFBF0}"
EndProject
Project("{9A19103F-16F7-4668-BE54-9A1E7A4F7556}") = "DFC.App.CareerPath.UnitTests", "DFC.App.CareerPath.UnitTests\DFC.App.CareerPath.UnitTests.csproj", "{B8E4D6D8-3591-40A2-AC62-D003F69E8492}"
EndProject
Project("{2150E333-8FDC-42A3-9474-1A3956D46DE8}") = "Functions", "Functions", "{7DDD860B-685F-4130-8297-6C4FD0E0C624}"
EndProject
Project("{2150E333-8FDC-42A3-9474-1A3956D46DE8}") = "Functions", "Functions", "{1364217B-1BC2-440C-99AC-39182897E958}"
EndProject
Project("{9A19103F-16F7-4668-BE54-9A1E7A4F7556}") = "DFC.App.CareerPath.MessageFunctionApp.UnitTests", "DFC.App.CareerPath.MessageFunctionApp.UnitTests\DFC.App.CareerPath.MessageFunctionApp.UnitTests.csproj", "{B544D89B-894C-49B8-BC5A-707B6367A916}"
EndProject
Project("{9A19103F-16F7-4668-BE54-9A1E7A4F7556}") = "DFC.App.CareerPath.MessageFunctionApp", "DFC.App.CareerPath.MessageFunctionApp\DFC.App.CareerPath.MessageFunctionApp.csproj", "{ACC167A4-1CFF-4B24-A931-8F0FD47E7166}"
EndProject
Project("{2150E333-8FDC-42A3-9474-1A3956D46DE8}") = "API", "API", "{E8C9FF52-F83C-4D17-B155-44D84CD6D5D3}"
EndProject
Project("{9A19103F-16F7-4668-BE54-9A1E7A4F7556}") = "DFC.App.CareerPath.API.IntegrationTests", "DFC.App.CareerPath.API.IntegrationTests\DFC.App.CareerPath.API.IntegrationTests.csproj", "{992C0C4F-89EA-403A-9333-BEFB11271E04}"
EndProject
Global
	GlobalSection(SolutionConfigurationPlatforms) = preSolution
		Debug|Any CPU = Debug|Any CPU
		Release|Any CPU = Release|Any CPU
	EndGlobalSection
	GlobalSection(ProjectConfigurationPlatforms) = postSolution
		{49341995-51ED-48E1-8335-8515247D6EF1}.Debug|Any CPU.ActiveCfg = Debug|Any CPU
		{49341995-51ED-48E1-8335-8515247D6EF1}.Debug|Any CPU.Build.0 = Debug|Any CPU
		{49341995-51ED-48E1-8335-8515247D6EF1}.Release|Any CPU.ActiveCfg = Release|Any CPU
		{49341995-51ED-48E1-8335-8515247D6EF1}.Release|Any CPU.Build.0 = Release|Any CPU
		{9E0C5383-A098-47BC-8826-FCFC0B4F788E}.Debug|Any CPU.ActiveCfg = Debug|Any CPU
		{9E0C5383-A098-47BC-8826-FCFC0B4F788E}.Debug|Any CPU.Build.0 = Debug|Any CPU
		{9E0C5383-A098-47BC-8826-FCFC0B4F788E}.Release|Any CPU.ActiveCfg = Release|Any CPU
		{9E0C5383-A098-47BC-8826-FCFC0B4F788E}.Release|Any CPU.Build.0 = Release|Any CPU
		{332B1D03-9067-43F1-B3D0-6779C5B0EBF7}.Debug|Any CPU.ActiveCfg = Debug|Any CPU
		{332B1D03-9067-43F1-B3D0-6779C5B0EBF7}.Debug|Any CPU.Build.0 = Debug|Any CPU
		{332B1D03-9067-43F1-B3D0-6779C5B0EBF7}.Release|Any CPU.ActiveCfg = Release|Any CPU
		{332B1D03-9067-43F1-B3D0-6779C5B0EBF7}.Release|Any CPU.Build.0 = Release|Any CPU
		{E7E60475-9323-4112-B0B0-3698F3153EF9}.Debug|Any CPU.ActiveCfg = Debug|Any CPU
		{E7E60475-9323-4112-B0B0-3698F3153EF9}.Debug|Any CPU.Build.0 = Debug|Any CPU
		{E7E60475-9323-4112-B0B0-3698F3153EF9}.Release|Any CPU.ActiveCfg = Release|Any CPU
		{E7E60475-9323-4112-B0B0-3698F3153EF9}.Release|Any CPU.Build.0 = Release|Any CPU
		{33B139E1-D469-413B-B29A-2E8DAC7B2D6B}.Debug|Any CPU.ActiveCfg = Debug|Any CPU
		{33B139E1-D469-413B-B29A-2E8DAC7B2D6B}.Debug|Any CPU.Build.0 = Debug|Any CPU
		{33B139E1-D469-413B-B29A-2E8DAC7B2D6B}.Release|Any CPU.ActiveCfg = Release|Any CPU
		{33B139E1-D469-413B-B29A-2E8DAC7B2D6B}.Release|Any CPU.Build.0 = Release|Any CPU
		{75DCDB6E-8009-4628-980A-F27159CBFBF0}.Debug|Any CPU.ActiveCfg = Debug|Any CPU
		{75DCDB6E-8009-4628-980A-F27159CBFBF0}.Debug|Any CPU.Build.0 = Debug|Any CPU
		{75DCDB6E-8009-4628-980A-F27159CBFBF0}.Release|Any CPU.ActiveCfg = Release|Any CPU
		{75DCDB6E-8009-4628-980A-F27159CBFBF0}.Release|Any CPU.Build.0 = Release|Any CPU
		{B8E4D6D8-3591-40A2-AC62-D003F69E8492}.Debug|Any CPU.ActiveCfg = Debug|Any CPU
		{B8E4D6D8-3591-40A2-AC62-D003F69E8492}.Debug|Any CPU.Build.0 = Debug|Any CPU
		{B8E4D6D8-3591-40A2-AC62-D003F69E8492}.Release|Any CPU.ActiveCfg = Release|Any CPU
		{B8E4D6D8-3591-40A2-AC62-D003F69E8492}.Release|Any CPU.Build.0 = Release|Any CPU
		{B544D89B-894C-49B8-BC5A-707B6367A916}.Debug|Any CPU.ActiveCfg = Debug|Any CPU
		{B544D89B-894C-49B8-BC5A-707B6367A916}.Debug|Any CPU.Build.0 = Debug|Any CPU
		{B544D89B-894C-49B8-BC5A-707B6367A916}.Release|Any CPU.ActiveCfg = Release|Any CPU
		{B544D89B-894C-49B8-BC5A-707B6367A916}.Release|Any CPU.Build.0 = Release|Any CPU
		{ACC167A4-1CFF-4B24-A931-8F0FD47E7166}.Debug|Any CPU.ActiveCfg = Debug|Any CPU
		{ACC167A4-1CFF-4B24-A931-8F0FD47E7166}.Debug|Any CPU.Build.0 = Debug|Any CPU
		{ACC167A4-1CFF-4B24-A931-8F0FD47E7166}.Release|Any CPU.ActiveCfg = Release|Any CPU
		{ACC167A4-1CFF-4B24-A931-8F0FD47E7166}.Release|Any CPU.Build.0 = Release|Any CPU
		{992C0C4F-89EA-403A-9333-BEFB11271E04}.Debug|Any CPU.ActiveCfg = Debug|Any CPU
		{992C0C4F-89EA-403A-9333-BEFB11271E04}.Debug|Any CPU.Build.0 = Debug|Any CPU
		{992C0C4F-89EA-403A-9333-BEFB11271E04}.Release|Any CPU.ActiveCfg = Release|Any CPU
		{992C0C4F-89EA-403A-9333-BEFB11271E04}.Release|Any CPU.Build.0 = Release|Any CPU
	EndGlobalSection
	GlobalSection(SolutionProperties) = preSolution
		HideSolutionNode = FALSE
	EndGlobalSection
	GlobalSection(NestedProjects) = preSolution
		{24AA3709-D5FF-4902-8FE2-A885FBAB1E9E} = {B6859F0D-42B3-440B-BDF2-A18DEF8A67BB}
		{E3D30C85-E0B8-40C6-94A9-78746367713E} = {B6859F0D-42B3-440B-BDF2-A18DEF8A67BB}
		{D8CC9252-3E73-4416-B587-2952B0AB0A2A} = {24AA3709-D5FF-4902-8FE2-A885FBAB1E9E}
		{C579A314-4026-412B-819F-3DC5F277016C} = {E3D30C85-E0B8-40C6-94A9-78746367713E}
		{CE3F6AEA-D471-453B-8E72-2045F92CC004} = {E3D30C85-E0B8-40C6-94A9-78746367713E}
		{9E0C5383-A098-47BC-8826-FCFC0B4F788E} = {B7ADEE25-AD70-499B-8134-443462A914F3}
		{332B1D03-9067-43F1-B3D0-6779C5B0EBF7} = {FDAE3E0F-7BD5-4933-A441-C02B3F8AA117}
		{E7E60475-9323-4112-B0B0-3698F3153EF9} = {9C0C79D9-672E-46F9-9C7C-59F88E9A63A3}
		{33B139E1-D469-413B-B29A-2E8DAC7B2D6B} = {D8CC9252-3E73-4416-B587-2952B0AB0A2A}
		{75DCDB6E-8009-4628-980A-F27159CBFBF0} = {C579A314-4026-412B-819F-3DC5F277016C}
		{B8E4D6D8-3591-40A2-AC62-D003F69E8492} = {CE3F6AEA-D471-453B-8E72-2045F92CC004}
		{1364217B-1BC2-440C-99AC-39182897E958} = {E3D30C85-E0B8-40C6-94A9-78746367713E}
		{B544D89B-894C-49B8-BC5A-707B6367A916} = {1364217B-1BC2-440C-99AC-39182897E958}
		{ACC167A4-1CFF-4B24-A931-8F0FD47E7166} = {7DDD860B-685F-4130-8297-6C4FD0E0C624}
		{E8C9FF52-F83C-4D17-B155-44D84CD6D5D3} = {24AA3709-D5FF-4902-8FE2-A885FBAB1E9E}
		{992C0C4F-89EA-403A-9333-BEFB11271E04} = {E8C9FF52-F83C-4D17-B155-44D84CD6D5D3}
	EndGlobalSection
	GlobalSection(ExtensibilityGlobals) = postSolution
		SolutionGuid = {DB344B23-83C8-4BA8-BBB9-EAB2A2608E4C}
	EndGlobalSection
EndGlobal
