
Microsoft Visual Studio Solution File, Format Version 12.00
# Visual Studio Version 16
VisualStudioVersion = 16.0.29102.190
MinimumVisualStudioVersion = 10.0.40219.1
Project("{9A19103F-16F7-4668-BE54-9A1E7A4F7556}") = "DFC.App.CareerPath", "DFC.App.CareerPath\DFC.App.CareerPath.csproj", "{49341995-51ED-48E1-8335-8515247D6EF1}"
EndProject
Project("{2150E333-8FDC-42A3-9474-1A3956D46DE8}") = "Tests", "Tests", "{B6859F0D-42B3-440B-BDF2-A18DEF8A67BB}"
EndProject
Project("{2150E333-8FDC-42A3-9474-1A3956D46DE8}") = "UnitTests", "UnitTests", "{E3D30C85-E0B8-40C6-94A9-78746367713E}"
EndProject
Project("{2150E333-8FDC-42A3-9474-1A3956D46DE8}") = "Web", "Web", "{CE3F6AEA-D471-453B-8E72-2045F92CC004}"
EndProject
Project("{9A19103F-16F7-4668-BE54-9A1E7A4F7556}") = "DFC.App.CareerPath.UnitTests", "DFC.App.CareerPath.UnitTests\DFC.App.CareerPath.UnitTests.csproj", "{B8E4D6D8-3591-40A2-AC62-D003F69E8492}"
EndProject
Global
	GlobalSection(SolutionConfigurationPlatforms) = preSolution
		Debug|Any CPU = Debug|Any CPU
		Release|Any CPU = Release|Any CPU
	EndGlobalSection
	GlobalSection(ProjectConfigurationPlatforms) = postSolution
		{49341995-51ED-48E1-8335-8515247D6EF1}.Debug|Any CPU.ActiveCfg = Debug|Any CPU
		{49341995-51ED-48E1-8335-8515247D6EF1}.Debug|Any CPU.Build.0 = Debug|Any CPU
		{49341995-51ED-48E1-8335-8515247D6EF1}.Release|Any CPU.ActiveCfg = Release|Any CPU
		{49341995-51ED-48E1-8335-8515247D6EF1}.Release|Any CPU.Build.0 = Release|Any CPU
		{B8E4D6D8-3591-40A2-AC62-D003F69E8492}.Debug|Any CPU.ActiveCfg = Debug|Any CPU
		{B8E4D6D8-3591-40A2-AC62-D003F69E8492}.Debug|Any CPU.Build.0 = Debug|Any CPU
		{B8E4D6D8-3591-40A2-AC62-D003F69E8492}.Release|Any CPU.ActiveCfg = Release|Any CPU
		{B8E4D6D8-3591-40A2-AC62-D003F69E8492}.Release|Any CPU.Build.0 = Release|Any CPU
	EndGlobalSection
	GlobalSection(SolutionProperties) = preSolution
		HideSolutionNode = FALSE
	EndGlobalSection
	GlobalSection(NestedProjects) = preSolution
		{E3D30C85-E0B8-40C6-94A9-78746367713E} = {B6859F0D-42B3-440B-BDF2-A18DEF8A67BB}
		{CE3F6AEA-D471-453B-8E72-2045F92CC004} = {E3D30C85-E0B8-40C6-94A9-78746367713E}
		{B8E4D6D8-3591-40A2-AC62-D003F69E8492} = {CE3F6AEA-D471-453B-8E72-2045F92CC004}
	EndGlobalSection
	GlobalSection(ExtensibilityGlobals) = postSolution
		SolutionGuid = {DB344B23-83C8-4BA8-BBB9-EAB2A2608E4C}
	EndGlobalSection
EndGlobal
